
Microsoft Visual Studio Solution File, Format Version 12.00
# Visual Studio Version 17
VisualStudioVersion = 17.7.34202.233
MinimumVisualStudioVersion = 10.0.40219.1
Project("{FAE04EC0-301F-11D3-BF4B-00C04F79EFBC}") = "Jogo Genius", "Jogo Genius\Jogo Genius.csproj", "{7517502C-1B74-44D9-916F-578C4CBEF2FC}"
EndProject
Global
	GlobalSection(SolutionConfigurationPlatforms) = preSolution
		Debug|Any CPU = Debug|Any CPU
		Release|Any CPU = Release|Any CPU
	EndGlobalSection
	GlobalSection(ProjectConfigurationPlatforms) = postSolution
		{7517502C-1B74-44D9-916F-578C4CBEF2FC}.Debug|Any CPU.ActiveCfg = Debug|Any CPU
		{7517502C-1B74-44D9-916F-578C4CBEF2FC}.Debug|Any CPU.Build.0 = Debug|Any CPU
		{7517502C-1B74-44D9-916F-578C4CBEF2FC}.Release|Any CPU.ActiveCfg = Release|Any CPU
		{7517502C-1B74-44D9-916F-578C4CBEF2FC}.Release|Any CPU.Build.0 = Release|Any CPU
	EndGlobalSection
	GlobalSection(SolutionProperties) = preSolution
		HideSolutionNode = FALSE
	EndGlobalSection
	GlobalSection(ExtensibilityGlobals) = postSolution
		SolutionGuid = {33803B99-85D0-47A4-8123-07B0FACC0C29}
	EndGlobalSection
EndGlobal
