
Microsoft Visual Studio Solution File, Format Version 12.00
# Visual Studio Version 17
VisualStudioVersion = 17.7.34202.233
MinimumVisualStudioVersion = 10.0.40219.1
Project("{FAE04EC0-301F-11D3-BF4B-00C04F79EFBC}") = "Jogo Snake", "Jogo Snake\Jogo Snake.csproj", "{770E86E9-805C-477E-8C60-F84E2D5007A7}"
EndProject
Global
	GlobalSection(SolutionConfigurationPlatforms) = preSolution
		Debug|Any CPU = Debug|Any CPU
		Release|Any CPU = Release|Any CPU
	EndGlobalSection
	GlobalSection(ProjectConfigurationPlatforms) = postSolution
		{770E86E9-805C-477E-8C60-F84E2D5007A7}.Debug|Any CPU.ActiveCfg = Debug|Any CPU
		{770E86E9-805C-477E-8C60-F84E2D5007A7}.Debug|Any CPU.Build.0 = Debug|Any CPU
		{770E86E9-805C-477E-8C60-F84E2D5007A7}.Release|Any CPU.ActiveCfg = Release|Any CPU
		{770E86E9-805C-477E-8C60-F84E2D5007A7}.Release|Any CPU.Build.0 = Release|Any CPU
	EndGlobalSection
	GlobalSection(SolutionProperties) = preSolution
		HideSolutionNode = FALSE
	EndGlobalSection
	GlobalSection(ExtensibilityGlobals) = postSolution
		SolutionGuid = {35E4940E-32C0-46A2-897C-8ADF93F6AA2C}
	EndGlobalSection
EndGlobal
