
Microsoft Visual Studio Solution File, Format Version 12.00
# Visual Studio Version 17
VisualStudioVersion = 17.7.34202.233
MinimumVisualStudioVersion = 10.0.40219.1
Project("{FAE04EC0-301F-11D3-BF4B-00C04F79EFBC}") = "Editor de Imagen - WF", "Editor de Imagen - WF\Editor de Imagen - WF.csproj", "{92F034F1-AFCD-4DEA-8B0E-B9B79E9DD978}"
EndProject
Global
	GlobalSection(SolutionConfigurationPlatforms) = preSolution
		Debug|Any CPU = Debug|Any CPU
		Release|Any CPU = Release|Any CPU
	EndGlobalSection
	GlobalSection(ProjectConfigurationPlatforms) = postSolution
		{92F034F1-AFCD-4DEA-8B0E-B9B79E9DD978}.Debug|Any CPU.ActiveCfg = Debug|Any CPU
		{92F034F1-AFCD-4DEA-8B0E-B9B79E9DD978}.Debug|Any CPU.Build.0 = Debug|Any CPU
		{92F034F1-AFCD-4DEA-8B0E-B9B79E9DD978}.Release|Any CPU.ActiveCfg = Release|Any CPU
		{92F034F1-AFCD-4DEA-8B0E-B9B79E9DD978}.Release|Any CPU.Build.0 = Release|Any CPU
	EndGlobalSection
	GlobalSection(SolutionProperties) = preSolution
		HideSolutionNode = FALSE
	EndGlobalSection
	GlobalSection(ExtensibilityGlobals) = postSolution
		SolutionGuid = {E0752D03-2E32-4FA5-AF17-77A288B0D98A}
	EndGlobalSection
EndGlobal
