
Microsoft Visual Studio Solution File, Format Version 12.00
# Visual Studio Version 17
VisualStudioVersion = 17.7.34202.233
MinimumVisualStudioVersion = 10.0.40219.1
Project("{FAE04EC0-301F-11D3-BF4B-00C04F79EFBC}") = "My sql - WF", "My sql - WF\My sql - WF.csproj", "{4E3AD82D-8F11-4077-8DFA-DEE9E1AFCA74}"
EndProject
Global
	GlobalSection(SolutionConfigurationPlatforms) = preSolution
		Debug|Any CPU = Debug|Any CPU
		Release|Any CPU = Release|Any CPU
	EndGlobalSection
	GlobalSection(ProjectConfigurationPlatforms) = postSolution
		{4E3AD82D-8F11-4077-8DFA-DEE9E1AFCA74}.Debug|Any CPU.ActiveCfg = Debug|Any CPU
		{4E3AD82D-8F11-4077-8DFA-DEE9E1AFCA74}.Debug|Any CPU.Build.0 = Debug|Any CPU
		{4E3AD82D-8F11-4077-8DFA-DEE9E1AFCA74}.Release|Any CPU.ActiveCfg = Release|Any CPU
		{4E3AD82D-8F11-4077-8DFA-DEE9E1AFCA74}.Release|Any CPU.Build.0 = Release|Any CPU
	EndGlobalSection
	GlobalSection(SolutionProperties) = preSolution
		HideSolutionNode = FALSE
	EndGlobalSection
	GlobalSection(ExtensibilityGlobals) = postSolution
		SolutionGuid = {B7330513-36B7-47ED-B5E7-066D5205976D}
	EndGlobalSection
EndGlobal
