
Microsoft Visual Studio Solution File, Format Version 12.00
# Visual Studio Version 17
VisualStudioVersion = 17.7.34202.233
MinimumVisualStudioVersion = 10.0.40219.1
Project("{FAE04EC0-301F-11D3-BF4B-00C04F79EFBC}") = "ANO Bissexto", "ANO Bissexto.csproj", "{BD88F98E-31B7-41D5-A52B-1E9A1FA6B178}"
EndProject
Global
	GlobalSection(SolutionConfigurationPlatforms) = preSolution
		Debug|Any CPU = Debug|Any CPU
		Release|Any CPU = Release|Any CPU
	EndGlobalSection
	GlobalSection(ProjectConfigurationPlatforms) = postSolution
		{BD88F98E-31B7-41D5-A52B-1E9A1FA6B178}.Debug|Any CPU.ActiveCfg = Debug|Any CPU
		{BD88F98E-31B7-41D5-A52B-1E9A1FA6B178}.Debug|Any CPU.Build.0 = Debug|Any CPU
		{BD88F98E-31B7-41D5-A52B-1E9A1FA6B178}.Release|Any CPU.ActiveCfg = Release|Any CPU
		{BD88F98E-31B7-41D5-A52B-1E9A1FA6B178}.Release|Any CPU.Build.0 = Release|Any CPU
	EndGlobalSection
	GlobalSection(SolutionProperties) = preSolution
		HideSolutionNode = FALSE
	EndGlobalSection
	GlobalSection(ExtensibilityGlobals) = postSolution
		SolutionGuid = {FC839F57-E394-441F-9387-9C78153645E3}
	EndGlobalSection
EndGlobal
